
Microsoft Visual Studio Solution File, Format Version 12.00
# Visual Studio Version 16
VisualStudioVersion = 16.0.31410.357
MinimumVisualStudioVersion = 10.0.40219.1
Project("{FAE04EC0-301F-11D3-BF4B-00C04F79EFBC}") = "ModelFirst", "ModelFirst\ModelFirst.csproj", "{7FC0E817-8826-49B1-A6E4-E8F8C75844F1}"
EndProject
Global
	GlobalSection(SolutionConfigurationPlatforms) = preSolution
		Debug|Any CPU = Debug|Any CPU
		Release|Any CPU = Release|Any CPU
	EndGlobalSection
	GlobalSection(ProjectConfigurationPlatforms) = postSolution
		{7FC0E817-8826-49B1-A6E4-E8F8C75844F1}.Debug|Any CPU.ActiveCfg = Debug|Any CPU
		{7FC0E817-8826-49B1-A6E4-E8F8C75844F1}.Debug|Any CPU.Build.0 = Debug|Any CPU
		{7FC0E817-8826-49B1-A6E4-E8F8C75844F1}.Release|Any CPU.ActiveCfg = Release|Any CPU
		{7FC0E817-8826-49B1-A6E4-E8F8C75844F1}.Release|Any CPU.Build.0 = Release|Any CPU
	EndGlobalSection
	GlobalSection(SolutionProperties) = preSolution
		HideSolutionNode = FALSE
	EndGlobalSection
	GlobalSection(ExtensibilityGlobals) = postSolution
		SolutionGuid = {6C7D255A-F0BA-4759-AEB2-A0C1CE904FF5}
	EndGlobalSection
EndGlobal
