
Microsoft Visual Studio Solution File, Format Version 12.00
# Visual Studio Version 16
VisualStudioVersion = 16.0.32510.428
MinimumVisualStudioVersion = 10.0.40219.1
Project("{FAE04EC0-301F-11D3-BF4B-00C04F79EFBC}") = "BookWebsite", "BookWebsite\BookWebsite.csproj", "{C0229C7F-FACF-49B9-AC40-A71D3E2DCDA9}"
EndProject
Global
	GlobalSection(SolutionConfigurationPlatforms) = preSolution
		Debug|Any CPU = Debug|Any CPU
		Release|Any CPU = Release|Any CPU
	EndGlobalSection
	GlobalSection(ProjectConfigurationPlatforms) = postSolution
		{C0229C7F-FACF-49B9-AC40-A71D3E2DCDA9}.Debug|Any CPU.ActiveCfg = Debug|Any CPU
		{C0229C7F-FACF-49B9-AC40-A71D3E2DCDA9}.Debug|Any CPU.Build.0 = Debug|Any CPU
		{C0229C7F-FACF-49B9-AC40-A71D3E2DCDA9}.Release|Any CPU.ActiveCfg = Release|Any CPU
		{C0229C7F-FACF-49B9-AC40-A71D3E2DCDA9}.Release|Any CPU.Build.0 = Release|Any CPU
	EndGlobalSection
	GlobalSection(SolutionProperties) = preSolution
		HideSolutionNode = FALSE
	EndGlobalSection
	GlobalSection(ExtensibilityGlobals) = postSolution
		SolutionGuid = {1522D325-F5FB-459B-952F-F54C6885E39B}
	EndGlobalSection
EndGlobal
